
Microsoft Visual Studio Solution File, Format Version 12.00
# Visual Studio Version 16
VisualStudioVersion = 16.0.28917.182
MinimumVisualStudioVersion = 10.0.40219.1
Project("{9A19103F-16F7-4668-BE54-9A1E7A4F7556}") = "BlazorContextMenu.DemoApp.Server", "BlazorContextMenu.DemoApp.Server\BlazorContextMenu.DemoApp.Server.csproj", "{C5E1A7E2-F588-4E77-AFAA-DDD3D8080BE1}"
EndProject
Project("{9A19103F-16F7-4668-BE54-9A1E7A4F7556}") = "BlazorContextMenu.DemoApp.Client", "BlazorContextMenu.DemoApp.Client\BlazorContextMenu.DemoApp.Client.csproj", "{BDEBA199-9C83-4AE8-A5C1-B4E2972098B4}"
EndProject
Project("{9A19103F-16F7-4668-BE54-9A1E7A4F7556}") = "BlazorContextMenu.DemoApp.Shared", "BlazorContextMenu.DemoApp.Shared\BlazorContextMenu.DemoApp.Shared.csproj", "{19541AC5-1DFD-4F84-92A5-C062E07061CF}"
EndProject
Global
	GlobalSection(SolutionConfigurationPlatforms) = preSolution
		Debug|Any CPU = Debug|Any CPU
		Release|Any CPU = Release|Any CPU
	EndGlobalSection
	GlobalSection(ProjectConfigurationPlatforms) = postSolution
		{C5E1A7E2-F588-4E77-AFAA-DDD3D8080BE1}.Debug|Any CPU.ActiveCfg = Debug|Any CPU
		{C5E1A7E2-F588-4E77-AFAA-DDD3D8080BE1}.Debug|Any CPU.Build.0 = Debug|Any CPU
		{C5E1A7E2-F588-4E77-AFAA-DDD3D8080BE1}.Release|Any CPU.ActiveCfg = Release|Any CPU
		{C5E1A7E2-F588-4E77-AFAA-DDD3D8080BE1}.Release|Any CPU.Build.0 = Release|Any CPU
		{BDEBA199-9C83-4AE8-A5C1-B4E2972098B4}.Debug|Any CPU.ActiveCfg = Debug|Any CPU
		{BDEBA199-9C83-4AE8-A5C1-B4E2972098B4}.Debug|Any CPU.Build.0 = Debug|Any CPU
		{BDEBA199-9C83-4AE8-A5C1-B4E2972098B4}.Release|Any CPU.ActiveCfg = Release|Any CPU
		{BDEBA199-9C83-4AE8-A5C1-B4E2972098B4}.Release|Any CPU.Build.0 = Release|Any CPU
		{19541AC5-1DFD-4F84-92A5-C062E07061CF}.Debug|Any CPU.ActiveCfg = Debug|Any CPU
		{19541AC5-1DFD-4F84-92A5-C062E07061CF}.Debug|Any CPU.Build.0 = Debug|Any CPU
		{19541AC5-1DFD-4F84-92A5-C062E07061CF}.Release|Any CPU.ActiveCfg = Release|Any CPU
		{19541AC5-1DFD-4F84-92A5-C062E07061CF}.Release|Any CPU.Build.0 = Release|Any CPU
	EndGlobalSection
	GlobalSection(SolutionProperties) = preSolution
		HideSolutionNode = FALSE
	EndGlobalSection
	GlobalSection(ExtensibilityGlobals) = postSolution
		SolutionGuid = {5EBB5D64-3358-4F6D-A3C2-B55564C98835}
	EndGlobalSection
EndGlobal
