Microsoft Visual Studio Solution File, Format Version 12.00
# Visual Studio 15
VisualStudioVersion = 15.0.27130.2027
MinimumVisualStudioVersion = 15.0.26124.0
Project("{9A19103F-16F7-4668-BE54-9A1E7A4F7556}") = "Blazor_ContextMenu.Server", "Blazor_ContextMenu.Server\Blazor_ContextMenu.Server.csproj", "{E00C2145-BDA0-4B52-80A7-0394086A3DE3}"
EndProject
Project("{9A19103F-16F7-4668-BE54-9A1E7A4F7556}") = "Blazor_ContextMenu.Client", "Blazor_ContextMenu.Client\Blazor_ContextMenu.Client.csproj", "{851B1FC9-2E6A-4902-B28C-4AB8A11FF327}"
EndProject
Project("{9A19103F-16F7-4668-BE54-9A1E7A4F7556}") = "Blazor_ContextMenu.Shared", "Blazor_ContextMenu.Shared\Blazor_ContextMenu.Shared.csproj", "{86808377-3E1F-4C96-9D67-7AFAE0376758}"
EndProject
Global
	GlobalSection(SolutionConfigurationPlatforms) = preSolution
		Debug|Any CPU = Debug|Any CPU
		Debug|x64 = Debug|x64
		Debug|x86 = Debug|x86
		Release|Any CPU = Release|Any CPU
		Release|x64 = Release|x64
		Release|x86 = Release|x86
	EndGlobalSection
	GlobalSection(ProjectConfigurationPlatforms) = postSolution
		{851B1FC9-2E6A-4902-B28C-4AB8A11FF327}.Debug|Any CPU.ActiveCfg = Debug|Any CPU
		{851B1FC9-2E6A-4902-B28C-4AB8A11FF327}.Debug|Any CPU.Build.0 = Debug|Any CPU
		{851B1FC9-2E6A-4902-B28C-4AB8A11FF327}.Debug|x64.ActiveCfg = Debug|Any CPU
		{851B1FC9-2E6A-4902-B28C-4AB8A11FF327}.Debug|x64.Build.0 = Debug|Any CPU
		{851B1FC9-2E6A-4902-B28C-4AB8A11FF327}.Debug|x86.ActiveCfg = Debug|Any CPU
		{851B1FC9-2E6A-4902-B28C-4AB8A11FF327}.Debug|x86.Build.0 = Debug|Any CPU
		{851B1FC9-2E6A-4902-B28C-4AB8A11FF327}.Release|Any CPU.ActiveCfg = Release|Any CPU
		{851B1FC9-2E6A-4902-B28C-4AB8A11FF327}.Release|Any CPU.Build.0 = Release|Any CPU
		{851B1FC9-2E6A-4902-B28C-4AB8A11FF327}.Release|x64.ActiveCfg = Release|Any CPU
		{851B1FC9-2E6A-4902-B28C-4AB8A11FF327}.Release|x64.Build.0 = Release|Any CPU
		{851B1FC9-2E6A-4902-B28C-4AB8A11FF327}.Release|x86.ActiveCfg = Release|Any CPU
		{851B1FC9-2E6A-4902-B28C-4AB8A11FF327}.Release|x86.Build.0 = Release|Any CPU
		{E00C2145-BDA0-4B52-80A7-0394086A3DE3}.Debug|Any CPU.ActiveCfg = Debug|Any CPU
		{E00C2145-BDA0-4B52-80A7-0394086A3DE3}.Debug|Any CPU.Build.0 = Debug|Any CPU
		{E00C2145-BDA0-4B52-80A7-0394086A3DE3}.Debug|x64.ActiveCfg = Debug|Any CPU
		{E00C2145-BDA0-4B52-80A7-0394086A3DE3}.Debug|x64.Build.0 = Debug|Any CPU
		{E00C2145-BDA0-4B52-80A7-0394086A3DE3}.Debug|x86.ActiveCfg = Debug|Any CPU
		{E00C2145-BDA0-4B52-80A7-0394086A3DE3}.Debug|x86.Build.0 = Debug|Any CPU
		{E00C2145-BDA0-4B52-80A7-0394086A3DE3}.Release|Any CPU.ActiveCfg = Release|Any CPU
		{E00C2145-BDA0-4B52-80A7-0394086A3DE3}.Release|Any CPU.Build.0 = Release|Any CPU
		{E00C2145-BDA0-4B52-80A7-0394086A3DE3}.Release|x64.ActiveCfg = Release|Any CPU
		{E00C2145-BDA0-4B52-80A7-0394086A3DE3}.Release|x64.Build.0 = Release|Any CPU
		{E00C2145-BDA0-4B52-80A7-0394086A3DE3}.Release|x86.ActiveCfg = Release|Any CPU
		{E00C2145-BDA0-4B52-80A7-0394086A3DE3}.Release|x86.Build.0 = Release|Any CPU
		{86808377-3E1F-4C96-9D67-7AFAE0376758}.Debug|Any CPU.ActiveCfg = Debug|Any CPU
		{86808377-3E1F-4C96-9D67-7AFAE0376758}.Debug|Any CPU.Build.0 = Debug|Any CPU
		{86808377-3E1F-4C96-9D67-7AFAE0376758}.Debug|x64.ActiveCfg = Debug|Any CPU
		{86808377-3E1F-4C96-9D67-7AFAE0376758}.Debug|x64.Build.0 = Debug|Any CPU
		{86808377-3E1F-4C96-9D67-7AFAE0376758}.Debug|x86.ActiveCfg = Debug|Any CPU
		{86808377-3E1F-4C96-9D67-7AFAE0376758}.Debug|x86.Build.0 = Debug|Any CPU
		{86808377-3E1F-4C96-9D67-7AFAE0376758}.Release|Any CPU.ActiveCfg = Release|Any CPU
		{86808377-3E1F-4C96-9D67-7AFAE0376758}.Release|Any CPU.Build.0 = Release|Any CPU
		{86808377-3E1F-4C96-9D67-7AFAE0376758}.Release|x64.ActiveCfg = Release|Any CPU
		{86808377-3E1F-4C96-9D67-7AFAE0376758}.Release|x64.Build.0 = Release|Any CPU
		{86808377-3E1F-4C96-9D67-7AFAE0376758}.Release|x86.ActiveCfg = Release|Any CPU
		{86808377-3E1F-4C96-9D67-7AFAE0376758}.Release|x86.Build.0 = Release|Any CPU
	EndGlobalSection
	GlobalSection(SolutionProperties) = preSolution
		HideSolutionNode = FALSE
	EndGlobalSection
	GlobalSection(ExtensibilityGlobals) = postSolution
		SolutionGuid = {322713D1-F08A-496E-99F7-41313A6D4414}
	EndGlobalSection
EndGlobal
