
Microsoft Visual Studio Solution File, Format Version 12.00
# Visual Studio 15
VisualStudioVersion = 15.0.26124.0
MinimumVisualStudioVersion = 15.0.26124.0
Project("{9A19103F-16F7-4668-BE54-9A1E7A4F7556}") = "BlazorContextMenu", "BlazorContextMenu\BlazorContextMenu.csproj", "{40AD3140-7529-4E0F-8E7F-8F989A1D1B28}"
EndProject
Project("{2150E333-8FDC-42A3-9474-1A3956D46DE8}") = "Solution Items", "Solution Items", "{9908BAC2-F732-45C9-AEDF-7545C50EB9B8}"
	ProjectSection(SolutionItems) = preProject
		README.md = README.md
	EndProjectSection
EndProject
Project("{2150E333-8FDC-42A3-9474-1A3956D46DE8}") = "Tests", "Tests", "{BEC5F746-4285-4E7E-BC52-42159C06409B}"
EndProject
Project("{2150E333-8FDC-42A3-9474-1A3956D46DE8}") = "Blazor Test App", "Blazor Test App", "{7D00500D-418A-49C2-81D9-EAA9F2D5B59C}"
EndProject
Project("{2150E333-8FDC-42A3-9474-1A3956D46DE8}") = "Server-side Test App", "Server-side Test App", "{91638AD6-9AB1-4880-80CF-A5743342A259}"
EndProject
Project("{9A19103F-16F7-4668-BE54-9A1E7A4F7556}") = "BlazorContextMenu.RazorComponentsTestApp.App", "BlazorContextMenu.RazorComponentsTestApp.App\BlazorContextMenu.RazorComponentsTestApp.App.csproj", "{15E477E0-1B7C-4474-A124-F34E10A9358A}"
EndProject
Project("{9A19103F-16F7-4668-BE54-9A1E7A4F7556}") = "BlazorContextMenu.RazorComponentsTestApp.Server", "BlazorContextMenu.RazorComponentsTestApp.Server\BlazorContextMenu.RazorComponentsTestApp.Server.csproj", "{56337130-3C98-41E7-A3D9-87A996AB3E80}"
EndProject
Project("{FAE04EC0-301F-11D3-BF4B-00C04F79EFBC}") = "BlazorContextMenu.TestsCommon", "BlazorContextMenu.TestsCommon\BlazorContextMenu.TestsCommon.csproj", "{F1E09AFB-AE00-4B82-96E2-02A2D3C2B6C4}"
EndProject
Project("{9A19103F-16F7-4668-BE54-9A1E7A4F7556}") = "BlazorContextMenu.BlazorE2ETests", "BlazorContextMenu.BlazorE2ETests\BlazorContextMenu.BlazorE2ETests.csproj", "{50BC0E90-312B-4C67-AD9B-BBA3C383006F}"
EndProject
Project("{9A19103F-16F7-4668-BE54-9A1E7A4F7556}") = "BlazorContextMenu.BlazorTestApp.Client", "BlazorContextMenu.BlazorTestApp.Client\BlazorContextMenu.BlazorTestApp.Client.csproj", "{42A32DD9-ECD8-4951-AA39-DFCF35C5C384}"
EndProject
Project("{9A19103F-16F7-4668-BE54-9A1E7A4F7556}") = "BlazorContextMenu.BlazorTestApp.Server", "BlazorContextMenu.BlazorTestApp.Server\BlazorContextMenu.BlazorTestApp.Server.csproj", "{3D6703FF-67EC-4FAB-9032-5AF41B68F4F8}"
EndProject
Project("{9A19103F-16F7-4668-BE54-9A1E7A4F7556}") = "BlazorContextMenu.RazorComponentsE2ETests", "BlazorContextMenu.RazorComponentsE2ETests\BlazorContextMenu.RazorComponentsE2ETests.csproj", "{D20F7BA7-1C77-49D8-8BF3-BA679CF5C006}"
EndProject
Global
	GlobalSection(SolutionConfigurationPlatforms) = preSolution
		Debug|Any CPU = Debug|Any CPU
		Debug|x64 = Debug|x64
		Debug|x86 = Debug|x86
		Release|Any CPU = Release|Any CPU
		Release|x64 = Release|x64
		Release|x86 = Release|x86
	EndGlobalSection
	GlobalSection(ProjectConfigurationPlatforms) = postSolution
		{40AD3140-7529-4E0F-8E7F-8F989A1D1B28}.Debug|Any CPU.ActiveCfg = Debug|Any CPU
		{40AD3140-7529-4E0F-8E7F-8F989A1D1B28}.Debug|Any CPU.Build.0 = Debug|Any CPU
		{40AD3140-7529-4E0F-8E7F-8F989A1D1B28}.Debug|x64.ActiveCfg = Debug|Any CPU
		{40AD3140-7529-4E0F-8E7F-8F989A1D1B28}.Debug|x64.Build.0 = Debug|Any CPU
		{40AD3140-7529-4E0F-8E7F-8F989A1D1B28}.Debug|x86.ActiveCfg = Debug|Any CPU
		{40AD3140-7529-4E0F-8E7F-8F989A1D1B28}.Debug|x86.Build.0 = Debug|Any CPU
		{40AD3140-7529-4E0F-8E7F-8F989A1D1B28}.Release|Any CPU.ActiveCfg = Release|Any CPU
		{40AD3140-7529-4E0F-8E7F-8F989A1D1B28}.Release|Any CPU.Build.0 = Release|Any CPU
		{40AD3140-7529-4E0F-8E7F-8F989A1D1B28}.Release|x64.ActiveCfg = Release|Any CPU
		{40AD3140-7529-4E0F-8E7F-8F989A1D1B28}.Release|x64.Build.0 = Release|Any CPU
		{40AD3140-7529-4E0F-8E7F-8F989A1D1B28}.Release|x86.ActiveCfg = Release|Any CPU
		{40AD3140-7529-4E0F-8E7F-8F989A1D1B28}.Release|x86.Build.0 = Release|Any CPU
		{15E477E0-1B7C-4474-A124-F34E10A9358A}.Debug|Any CPU.ActiveCfg = Debug|Any CPU
		{15E477E0-1B7C-4474-A124-F34E10A9358A}.Debug|Any CPU.Build.0 = Debug|Any CPU
		{15E477E0-1B7C-4474-A124-F34E10A9358A}.Debug|x64.ActiveCfg = Debug|Any CPU
		{15E477E0-1B7C-4474-A124-F34E10A9358A}.Debug|x64.Build.0 = Debug|Any CPU
		{15E477E0-1B7C-4474-A124-F34E10A9358A}.Debug|x86.ActiveCfg = Debug|Any CPU
		{15E477E0-1B7C-4474-A124-F34E10A9358A}.Debug|x86.Build.0 = Debug|Any CPU
		{15E477E0-1B7C-4474-A124-F34E10A9358A}.Release|Any CPU.ActiveCfg = Release|Any CPU
		{15E477E0-1B7C-4474-A124-F34E10A9358A}.Release|Any CPU.Build.0 = Release|Any CPU
		{15E477E0-1B7C-4474-A124-F34E10A9358A}.Release|x64.ActiveCfg = Release|Any CPU
		{15E477E0-1B7C-4474-A124-F34E10A9358A}.Release|x64.Build.0 = Release|Any CPU
		{15E477E0-1B7C-4474-A124-F34E10A9358A}.Release|x86.ActiveCfg = Release|Any CPU
		{15E477E0-1B7C-4474-A124-F34E10A9358A}.Release|x86.Build.0 = Release|Any CPU
		{56337130-3C98-41E7-A3D9-87A996AB3E80}.Debug|Any CPU.ActiveCfg = Debug|Any CPU
		{56337130-3C98-41E7-A3D9-87A996AB3E80}.Debug|Any CPU.Build.0 = Debug|Any CPU
		{56337130-3C98-41E7-A3D9-87A996AB3E80}.Debug|x64.ActiveCfg = Debug|Any CPU
		{56337130-3C98-41E7-A3D9-87A996AB3E80}.Debug|x64.Build.0 = Debug|Any CPU
		{56337130-3C98-41E7-A3D9-87A996AB3E80}.Debug|x86.ActiveCfg = Debug|Any CPU
		{56337130-3C98-41E7-A3D9-87A996AB3E80}.Debug|x86.Build.0 = Debug|Any CPU
		{56337130-3C98-41E7-A3D9-87A996AB3E80}.Release|Any CPU.ActiveCfg = Release|Any CPU
		{56337130-3C98-41E7-A3D9-87A996AB3E80}.Release|Any CPU.Build.0 = Release|Any CPU
		{56337130-3C98-41E7-A3D9-87A996AB3E80}.Release|x64.ActiveCfg = Release|Any CPU
		{56337130-3C98-41E7-A3D9-87A996AB3E80}.Release|x64.Build.0 = Release|Any CPU
		{56337130-3C98-41E7-A3D9-87A996AB3E80}.Release|x86.ActiveCfg = Release|Any CPU
		{56337130-3C98-41E7-A3D9-87A996AB3E80}.Release|x86.Build.0 = Release|Any CPU
		{F1E09AFB-AE00-4B82-96E2-02A2D3C2B6C4}.Debug|Any CPU.ActiveCfg = Debug|Any CPU
		{F1E09AFB-AE00-4B82-96E2-02A2D3C2B6C4}.Debug|Any CPU.Build.0 = Debug|Any CPU
		{F1E09AFB-AE00-4B82-96E2-02A2D3C2B6C4}.Debug|x64.ActiveCfg = Debug|Any CPU
		{F1E09AFB-AE00-4B82-96E2-02A2D3C2B6C4}.Debug|x64.Build.0 = Debug|Any CPU
		{F1E09AFB-AE00-4B82-96E2-02A2D3C2B6C4}.Debug|x86.ActiveCfg = Debug|Any CPU
		{F1E09AFB-AE00-4B82-96E2-02A2D3C2B6C4}.Debug|x86.Build.0 = Debug|Any CPU
		{F1E09AFB-AE00-4B82-96E2-02A2D3C2B6C4}.Release|Any CPU.ActiveCfg = Release|Any CPU
		{F1E09AFB-AE00-4B82-96E2-02A2D3C2B6C4}.Release|Any CPU.Build.0 = Release|Any CPU
		{F1E09AFB-AE00-4B82-96E2-02A2D3C2B6C4}.Release|x64.ActiveCfg = Release|Any CPU
		{F1E09AFB-AE00-4B82-96E2-02A2D3C2B6C4}.Release|x64.Build.0 = Release|Any CPU
		{F1E09AFB-AE00-4B82-96E2-02A2D3C2B6C4}.Release|x86.ActiveCfg = Release|Any CPU
		{F1E09AFB-AE00-4B82-96E2-02A2D3C2B6C4}.Release|x86.Build.0 = Release|Any CPU
		{50BC0E90-312B-4C67-AD9B-BBA3C383006F}.Debug|Any CPU.ActiveCfg = Debug|Any CPU
		{50BC0E90-312B-4C67-AD9B-BBA3C383006F}.Debug|Any CPU.Build.0 = Debug|Any CPU
		{50BC0E90-312B-4C67-AD9B-BBA3C383006F}.Debug|x64.ActiveCfg = Debug|Any CPU
		{50BC0E90-312B-4C67-AD9B-BBA3C383006F}.Debug|x64.Build.0 = Debug|Any CPU
		{50BC0E90-312B-4C67-AD9B-BBA3C383006F}.Debug|x86.ActiveCfg = Debug|Any CPU
		{50BC0E90-312B-4C67-AD9B-BBA3C383006F}.Debug|x86.Build.0 = Debug|Any CPU
		{50BC0E90-312B-4C67-AD9B-BBA3C383006F}.Release|Any CPU.ActiveCfg = Release|Any CPU
		{50BC0E90-312B-4C67-AD9B-BBA3C383006F}.Release|Any CPU.Build.0 = Release|Any CPU
		{50BC0E90-312B-4C67-AD9B-BBA3C383006F}.Release|x64.ActiveCfg = Release|Any CPU
		{50BC0E90-312B-4C67-AD9B-BBA3C383006F}.Release|x64.Build.0 = Release|Any CPU
		{50BC0E90-312B-4C67-AD9B-BBA3C383006F}.Release|x86.ActiveCfg = Release|Any CPU
		{50BC0E90-312B-4C67-AD9B-BBA3C383006F}.Release|x86.Build.0 = Release|Any CPU
		{42A32DD9-ECD8-4951-AA39-DFCF35C5C384}.Debug|Any CPU.ActiveCfg = Debug|Any CPU
		{42A32DD9-ECD8-4951-AA39-DFCF35C5C384}.Debug|Any CPU.Build.0 = Debug|Any CPU
		{42A32DD9-ECD8-4951-AA39-DFCF35C5C384}.Debug|x64.ActiveCfg = Debug|Any CPU
		{42A32DD9-ECD8-4951-AA39-DFCF35C5C384}.Debug|x64.Build.0 = Debug|Any CPU
		{42A32DD9-ECD8-4951-AA39-DFCF35C5C384}.Debug|x86.ActiveCfg = Debug|Any CPU
		{42A32DD9-ECD8-4951-AA39-DFCF35C5C384}.Debug|x86.Build.0 = Debug|Any CPU
		{42A32DD9-ECD8-4951-AA39-DFCF35C5C384}.Release|Any CPU.ActiveCfg = Release|Any CPU
		{42A32DD9-ECD8-4951-AA39-DFCF35C5C384}.Release|Any CPU.Build.0 = Release|Any CPU
		{42A32DD9-ECD8-4951-AA39-DFCF35C5C384}.Release|x64.ActiveCfg = Release|Any CPU
		{42A32DD9-ECD8-4951-AA39-DFCF35C5C384}.Release|x64.Build.0 = Release|Any CPU
		{42A32DD9-ECD8-4951-AA39-DFCF35C5C384}.Release|x86.ActiveCfg = Release|Any CPU
		{42A32DD9-ECD8-4951-AA39-DFCF35C5C384}.Release|x86.Build.0 = Release|Any CPU
		{3D6703FF-67EC-4FAB-9032-5AF41B68F4F8}.Debug|Any CPU.ActiveCfg = Debug|Any CPU
		{3D6703FF-67EC-4FAB-9032-5AF41B68F4F8}.Debug|Any CPU.Build.0 = Debug|Any CPU
		{3D6703FF-67EC-4FAB-9032-5AF41B68F4F8}.Debug|x64.ActiveCfg = Debug|Any CPU
		{3D6703FF-67EC-4FAB-9032-5AF41B68F4F8}.Debug|x64.Build.0 = Debug|Any CPU
		{3D6703FF-67EC-4FAB-9032-5AF41B68F4F8}.Debug|x86.ActiveCfg = Debug|Any CPU
		{3D6703FF-67EC-4FAB-9032-5AF41B68F4F8}.Debug|x86.Build.0 = Debug|Any CPU
		{3D6703FF-67EC-4FAB-9032-5AF41B68F4F8}.Release|Any CPU.ActiveCfg = Release|Any CPU
		{3D6703FF-67EC-4FAB-9032-5AF41B68F4F8}.Release|Any CPU.Build.0 = Release|Any CPU
		{3D6703FF-67EC-4FAB-9032-5AF41B68F4F8}.Release|x64.ActiveCfg = Release|Any CPU
		{3D6703FF-67EC-4FAB-9032-5AF41B68F4F8}.Release|x64.Build.0 = Release|Any CPU
		{3D6703FF-67EC-4FAB-9032-5AF41B68F4F8}.Release|x86.ActiveCfg = Release|Any CPU
		{3D6703FF-67EC-4FAB-9032-5AF41B68F4F8}.Release|x86.Build.0 = Release|Any CPU
		{D20F7BA7-1C77-49D8-8BF3-BA679CF5C006}.Debug|Any CPU.ActiveCfg = Debug|Any CPU
		{D20F7BA7-1C77-49D8-8BF3-BA679CF5C006}.Debug|Any CPU.Build.0 = Debug|Any CPU
		{D20F7BA7-1C77-49D8-8BF3-BA679CF5C006}.Debug|x64.ActiveCfg = Debug|Any CPU
		{D20F7BA7-1C77-49D8-8BF3-BA679CF5C006}.Debug|x64.Build.0 = Debug|Any CPU
		{D20F7BA7-1C77-49D8-8BF3-BA679CF5C006}.Debug|x86.ActiveCfg = Debug|Any CPU
		{D20F7BA7-1C77-49D8-8BF3-BA679CF5C006}.Debug|x86.Build.0 = Debug|Any CPU
		{D20F7BA7-1C77-49D8-8BF3-BA679CF5C006}.Release|Any CPU.ActiveCfg = Release|Any CPU
		{D20F7BA7-1C77-49D8-8BF3-BA679CF5C006}.Release|Any CPU.Build.0 = Release|Any CPU
		{D20F7BA7-1C77-49D8-8BF3-BA679CF5C006}.Release|x64.ActiveCfg = Release|Any CPU
		{D20F7BA7-1C77-49D8-8BF3-BA679CF5C006}.Release|x64.Build.0 = Release|Any CPU
		{D20F7BA7-1C77-49D8-8BF3-BA679CF5C006}.Release|x86.ActiveCfg = Release|Any CPU
		{D20F7BA7-1C77-49D8-8BF3-BA679CF5C006}.Release|x86.Build.0 = Release|Any CPU
	EndGlobalSection
	GlobalSection(SolutionProperties) = preSolution
		HideSolutionNode = FALSE
	EndGlobalSection
	GlobalSection(NestedProjects) = preSolution
		{15E477E0-1B7C-4474-A124-F34E10A9358A} = {91638AD6-9AB1-4880-80CF-A5743342A259}
		{56337130-3C98-41E7-A3D9-87A996AB3E80} = {91638AD6-9AB1-4880-80CF-A5743342A259}
		{F1E09AFB-AE00-4B82-96E2-02A2D3C2B6C4} = {BEC5F746-4285-4E7E-BC52-42159C06409B}
		{50BC0E90-312B-4C67-AD9B-BBA3C383006F} = {BEC5F746-4285-4E7E-BC52-42159C06409B}
		{42A32DD9-ECD8-4951-AA39-DFCF35C5C384} = {7D00500D-418A-49C2-81D9-EAA9F2D5B59C}
		{3D6703FF-67EC-4FAB-9032-5AF41B68F4F8} = {7D00500D-418A-49C2-81D9-EAA9F2D5B59C}
		{D20F7BA7-1C77-49D8-8BF3-BA679CF5C006} = {BEC5F746-4285-4E7E-BC52-42159C06409B}
	EndGlobalSection
	GlobalSection(ExtensibilityGlobals) = postSolution
		SolutionGuid = {10EFBD6F-A464-4E24-998F-1137AD782D03}
	EndGlobalSection
EndGlobal
