
Microsoft Visual Studio Solution File, Format Version 12.00
# Visual Studio Version 17
VisualStudioVersion = 17.1.32228.430
MinimumVisualStudioVersion = 15.0.26124.0
Project("{9A19103F-16F7-4668-BE54-9A1E7A4F7556}") = "BlazorContextMenu", "BlazorContextMenu\BlazorContextMenu.csproj", "{40AD3140-7529-4E0F-8E7F-8F989A1D1B28}"
EndProject
Project("{2150E333-8FDC-42A3-9474-1A3956D46DE8}") = "Solution Items", "Solution Items", "{9908BAC2-F732-45C9-AEDF-7545C50EB9B8}"
	ProjectSection(SolutionItems) = preProject
		.editorconfig = .editorconfig
		.gitattributes = .gitattributes
		.gitignore = .gitignore
		build-demo-app.bat = build-demo-app.bat
		build.bat = build.bat
		LICENSE = LICENSE
		README.md = README.md
	EndProjectSection
EndProject
Project("{2150E333-8FDC-42A3-9474-1A3956D46DE8}") = "Tests", "Tests", "{BEC5F746-4285-4E7E-BC52-42159C06409B}"
EndProject
Project("{2150E333-8FDC-42A3-9474-1A3956D46DE8}") = "BlazorTestApp", "BlazorTestApp", "{7D00500D-418A-49C2-81D9-EAA9F2D5B59C}"
EndProject
Project("{2150E333-8FDC-42A3-9474-1A3956D46DE8}") = "RazorComponentsTestApp", "RazorComponentsTestApp", "{91638AD6-9AB1-4880-80CF-A5743342A259}"
EndProject
Project("{9A19103F-16F7-4668-BE54-9A1E7A4F7556}") = "BlazorContextMenu.BlazorE2ETests", "Tests\BlazorContextMenu.BlazorE2ETests\BlazorContextMenu.BlazorE2ETests.csproj", "{518FCF7D-2B2E-40F2-9B65-DB199F07C618}"
EndProject
Project("{9A19103F-16F7-4668-BE54-9A1E7A4F7556}") = "BlazorContextMenu.RazorComponentsE2ETests", "Tests\BlazorContextMenu.RazorComponentsE2ETests\BlazorContextMenu.RazorComponentsE2ETests.csproj", "{760FB213-3CD4-4FB4-9F98-BE0A2BE75CEA}"
EndProject
Project("{9A19103F-16F7-4668-BE54-9A1E7A4F7556}") = "BlazorContextMenu.TestsCommon", "Tests\BlazorContextMenu.TestsCommon\BlazorContextMenu.TestsCommon.csproj", "{019DD3C7-82C1-452C-A720-FCDA22C1B2F3}"
EndProject
Project("{2150E333-8FDC-42A3-9474-1A3956D46DE8}") = "TestApps", "TestApps", "{2AB94722-4304-4DA0-837F-02E0BDAAEF7E}"
EndProject
Project("{9A19103F-16F7-4668-BE54-9A1E7A4F7556}") = "BlazorContextMenu.TestAppsCommon", "TestApps\BlazorContextMenu.TestAppsCommon\BlazorContextMenu.TestAppsCommon.csproj", "{2A7050C5-8D2A-47B0-AF35-06308D4E63E9}"
EndProject
Project("{9A19103F-16F7-4668-BE54-9A1E7A4F7556}") = "BlazorContextMenu.BlazorTestApp.Client", "TestApps\BlazorTestApp\BlazorContextMenu.BlazorTestApp.Client\BlazorContextMenu.BlazorTestApp.Client.csproj", "{40632334-59F3-44FF-9A98-C6041057053F}"
EndProject
Project("{9A19103F-16F7-4668-BE54-9A1E7A4F7556}") = "BlazorContextMenu.BlazorTestApp.Server", "TestApps\BlazorTestApp\BlazorContextMenu.BlazorTestApp.Server\BlazorContextMenu.BlazorTestApp.Server.csproj", "{F32F99BF-31D4-4AEA-812B-C1FB54B78F1C}"
EndProject
Project("{9A19103F-16F7-4668-BE54-9A1E7A4F7556}") = "BlazorContextMenu.RazorComponentsTestApp", "TestApps\RazorComponentsTestApp\BlazorContextMenu.RazorComponentsTestApp\BlazorContextMenu.RazorComponentsTestApp.csproj", "{C0675E56-22BF-4945-AE52-D2435D4C70E2}"
EndProject
Global
	GlobalSection(SolutionConfigurationPlatforms) = preSolution
		Debug|Any CPU = Debug|Any CPU
		Debug|x64 = Debug|x64
		Debug|x86 = Debug|x86
		Release|Any CPU = Release|Any CPU
		Release|x64 = Release|x64
		Release|x86 = Release|x86
	EndGlobalSection
	GlobalSection(ProjectConfigurationPlatforms) = postSolution
		{40AD3140-7529-4E0F-8E7F-8F989A1D1B28}.Debug|Any CPU.ActiveCfg = Debug|Any CPU
		{40AD3140-7529-4E0F-8E7F-8F989A1D1B28}.Debug|Any CPU.Build.0 = Debug|Any CPU
		{40AD3140-7529-4E0F-8E7F-8F989A1D1B28}.Debug|x64.ActiveCfg = Debug|Any CPU
		{40AD3140-7529-4E0F-8E7F-8F989A1D1B28}.Debug|x64.Build.0 = Debug|Any CPU
		{40AD3140-7529-4E0F-8E7F-8F989A1D1B28}.Debug|x86.ActiveCfg = Debug|Any CPU
		{40AD3140-7529-4E0F-8E7F-8F989A1D1B28}.Debug|x86.Build.0 = Debug|Any CPU
		{40AD3140-7529-4E0F-8E7F-8F989A1D1B28}.Release|Any CPU.ActiveCfg = Release|Any CPU
		{40AD3140-7529-4E0F-8E7F-8F989A1D1B28}.Release|Any CPU.Build.0 = Release|Any CPU
		{40AD3140-7529-4E0F-8E7F-8F989A1D1B28}.Release|x64.ActiveCfg = Release|Any CPU
		{40AD3140-7529-4E0F-8E7F-8F989A1D1B28}.Release|x64.Build.0 = Release|Any CPU
		{40AD3140-7529-4E0F-8E7F-8F989A1D1B28}.Release|x86.ActiveCfg = Release|Any CPU
		{40AD3140-7529-4E0F-8E7F-8F989A1D1B28}.Release|x86.Build.0 = Release|Any CPU
		{518FCF7D-2B2E-40F2-9B65-DB199F07C618}.Debug|Any CPU.ActiveCfg = Debug|Any CPU
		{518FCF7D-2B2E-40F2-9B65-DB199F07C618}.Debug|Any CPU.Build.0 = Debug|Any CPU
		{518FCF7D-2B2E-40F2-9B65-DB199F07C618}.Debug|x64.ActiveCfg = Debug|Any CPU
		{518FCF7D-2B2E-40F2-9B65-DB199F07C618}.Debug|x64.Build.0 = Debug|Any CPU
		{518FCF7D-2B2E-40F2-9B65-DB199F07C618}.Debug|x86.ActiveCfg = Debug|Any CPU
		{518FCF7D-2B2E-40F2-9B65-DB199F07C618}.Debug|x86.Build.0 = Debug|Any CPU
		{518FCF7D-2B2E-40F2-9B65-DB199F07C618}.Release|Any CPU.ActiveCfg = Release|Any CPU
		{518FCF7D-2B2E-40F2-9B65-DB199F07C618}.Release|Any CPU.Build.0 = Release|Any CPU
		{518FCF7D-2B2E-40F2-9B65-DB199F07C618}.Release|x64.ActiveCfg = Release|Any CPU
		{518FCF7D-2B2E-40F2-9B65-DB199F07C618}.Release|x64.Build.0 = Release|Any CPU
		{518FCF7D-2B2E-40F2-9B65-DB199F07C618}.Release|x86.ActiveCfg = Release|Any CPU
		{518FCF7D-2B2E-40F2-9B65-DB199F07C618}.Release|x86.Build.0 = Release|Any CPU
		{760FB213-3CD4-4FB4-9F98-BE0A2BE75CEA}.Debug|Any CPU.ActiveCfg = Debug|Any CPU
		{760FB213-3CD4-4FB4-9F98-BE0A2BE75CEA}.Debug|Any CPU.Build.0 = Debug|Any CPU
		{760FB213-3CD4-4FB4-9F98-BE0A2BE75CEA}.Debug|x64.ActiveCfg = Debug|Any CPU
		{760FB213-3CD4-4FB4-9F98-BE0A2BE75CEA}.Debug|x64.Build.0 = Debug|Any CPU
		{760FB213-3CD4-4FB4-9F98-BE0A2BE75CEA}.Debug|x86.ActiveCfg = Debug|Any CPU
		{760FB213-3CD4-4FB4-9F98-BE0A2BE75CEA}.Debug|x86.Build.0 = Debug|Any CPU
		{760FB213-3CD4-4FB4-9F98-BE0A2BE75CEA}.Release|Any CPU.ActiveCfg = Release|Any CPU
		{760FB213-3CD4-4FB4-9F98-BE0A2BE75CEA}.Release|Any CPU.Build.0 = Release|Any CPU
		{760FB213-3CD4-4FB4-9F98-BE0A2BE75CEA}.Release|x64.ActiveCfg = Release|Any CPU
		{760FB213-3CD4-4FB4-9F98-BE0A2BE75CEA}.Release|x64.Build.0 = Release|Any CPU
		{760FB213-3CD4-4FB4-9F98-BE0A2BE75CEA}.Release|x86.ActiveCfg = Release|Any CPU
		{760FB213-3CD4-4FB4-9F98-BE0A2BE75CEA}.Release|x86.Build.0 = Release|Any CPU
		{019DD3C7-82C1-452C-A720-FCDA22C1B2F3}.Debug|Any CPU.ActiveCfg = Debug|Any CPU
		{019DD3C7-82C1-452C-A720-FCDA22C1B2F3}.Debug|Any CPU.Build.0 = Debug|Any CPU
		{019DD3C7-82C1-452C-A720-FCDA22C1B2F3}.Debug|x64.ActiveCfg = Debug|Any CPU
		{019DD3C7-82C1-452C-A720-FCDA22C1B2F3}.Debug|x64.Build.0 = Debug|Any CPU
		{019DD3C7-82C1-452C-A720-FCDA22C1B2F3}.Debug|x86.ActiveCfg = Debug|Any CPU
		{019DD3C7-82C1-452C-A720-FCDA22C1B2F3}.Debug|x86.Build.0 = Debug|Any CPU
		{019DD3C7-82C1-452C-A720-FCDA22C1B2F3}.Release|Any CPU.ActiveCfg = Release|Any CPU
		{019DD3C7-82C1-452C-A720-FCDA22C1B2F3}.Release|Any CPU.Build.0 = Release|Any CPU
		{019DD3C7-82C1-452C-A720-FCDA22C1B2F3}.Release|x64.ActiveCfg = Release|Any CPU
		{019DD3C7-82C1-452C-A720-FCDA22C1B2F3}.Release|x64.Build.0 = Release|Any CPU
		{019DD3C7-82C1-452C-A720-FCDA22C1B2F3}.Release|x86.ActiveCfg = Release|Any CPU
		{019DD3C7-82C1-452C-A720-FCDA22C1B2F3}.Release|x86.Build.0 = Release|Any CPU
		{2A7050C5-8D2A-47B0-AF35-06308D4E63E9}.Debug|Any CPU.ActiveCfg = Debug|Any CPU
		{2A7050C5-8D2A-47B0-AF35-06308D4E63E9}.Debug|Any CPU.Build.0 = Debug|Any CPU
		{2A7050C5-8D2A-47B0-AF35-06308D4E63E9}.Debug|x64.ActiveCfg = Debug|Any CPU
		{2A7050C5-8D2A-47B0-AF35-06308D4E63E9}.Debug|x64.Build.0 = Debug|Any CPU
		{2A7050C5-8D2A-47B0-AF35-06308D4E63E9}.Debug|x86.ActiveCfg = Debug|Any CPU
		{2A7050C5-8D2A-47B0-AF35-06308D4E63E9}.Debug|x86.Build.0 = Debug|Any CPU
		{2A7050C5-8D2A-47B0-AF35-06308D4E63E9}.Release|Any CPU.ActiveCfg = Release|Any CPU
		{2A7050C5-8D2A-47B0-AF35-06308D4E63E9}.Release|Any CPU.Build.0 = Release|Any CPU
		{2A7050C5-8D2A-47B0-AF35-06308D4E63E9}.Release|x64.ActiveCfg = Release|Any CPU
		{2A7050C5-8D2A-47B0-AF35-06308D4E63E9}.Release|x64.Build.0 = Release|Any CPU
		{2A7050C5-8D2A-47B0-AF35-06308D4E63E9}.Release|x86.ActiveCfg = Release|Any CPU
		{2A7050C5-8D2A-47B0-AF35-06308D4E63E9}.Release|x86.Build.0 = Release|Any CPU
		{40632334-59F3-44FF-9A98-C6041057053F}.Debug|Any CPU.ActiveCfg = Debug|Any CPU
		{40632334-59F3-44FF-9A98-C6041057053F}.Debug|Any CPU.Build.0 = Debug|Any CPU
		{40632334-59F3-44FF-9A98-C6041057053F}.Debug|x64.ActiveCfg = Debug|Any CPU
		{40632334-59F3-44FF-9A98-C6041057053F}.Debug|x64.Build.0 = Debug|Any CPU
		{40632334-59F3-44FF-9A98-C6041057053F}.Debug|x86.ActiveCfg = Debug|Any CPU
		{40632334-59F3-44FF-9A98-C6041057053F}.Debug|x86.Build.0 = Debug|Any CPU
		{40632334-59F3-44FF-9A98-C6041057053F}.Release|Any CPU.ActiveCfg = Release|Any CPU
		{40632334-59F3-44FF-9A98-C6041057053F}.Release|Any CPU.Build.0 = Release|Any CPU
		{40632334-59F3-44FF-9A98-C6041057053F}.Release|x64.ActiveCfg = Release|Any CPU
		{40632334-59F3-44FF-9A98-C6041057053F}.Release|x64.Build.0 = Release|Any CPU
		{40632334-59F3-44FF-9A98-C6041057053F}.Release|x86.ActiveCfg = Release|Any CPU
		{40632334-59F3-44FF-9A98-C6041057053F}.Release|x86.Build.0 = Release|Any CPU
		{F32F99BF-31D4-4AEA-812B-C1FB54B78F1C}.Debug|Any CPU.ActiveCfg = Debug|Any CPU
		{F32F99BF-31D4-4AEA-812B-C1FB54B78F1C}.Debug|Any CPU.Build.0 = Debug|Any CPU
		{F32F99BF-31D4-4AEA-812B-C1FB54B78F1C}.Debug|x64.ActiveCfg = Debug|Any CPU
		{F32F99BF-31D4-4AEA-812B-C1FB54B78F1C}.Debug|x64.Build.0 = Debug|Any CPU
		{F32F99BF-31D4-4AEA-812B-C1FB54B78F1C}.Debug|x86.ActiveCfg = Debug|Any CPU
		{F32F99BF-31D4-4AEA-812B-C1FB54B78F1C}.Debug|x86.Build.0 = Debug|Any CPU
		{F32F99BF-31D4-4AEA-812B-C1FB54B78F1C}.Release|Any CPU.ActiveCfg = Release|Any CPU
		{F32F99BF-31D4-4AEA-812B-C1FB54B78F1C}.Release|Any CPU.Build.0 = Release|Any CPU
		{F32F99BF-31D4-4AEA-812B-C1FB54B78F1C}.Release|x64.ActiveCfg = Release|Any CPU
		{F32F99BF-31D4-4AEA-812B-C1FB54B78F1C}.Release|x64.Build.0 = Release|Any CPU
		{F32F99BF-31D4-4AEA-812B-C1FB54B78F1C}.Release|x86.ActiveCfg = Release|Any CPU
		{F32F99BF-31D4-4AEA-812B-C1FB54B78F1C}.Release|x86.Build.0 = Release|Any CPU
		{C0675E56-22BF-4945-AE52-D2435D4C70E2}.Debug|Any CPU.ActiveCfg = Debug|Any CPU
		{C0675E56-22BF-4945-AE52-D2435D4C70E2}.Debug|Any CPU.Build.0 = Debug|Any CPU
		{C0675E56-22BF-4945-AE52-D2435D4C70E2}.Debug|x64.ActiveCfg = Debug|Any CPU
		{C0675E56-22BF-4945-AE52-D2435D4C70E2}.Debug|x64.Build.0 = Debug|Any CPU
		{C0675E56-22BF-4945-AE52-D2435D4C70E2}.Debug|x86.ActiveCfg = Debug|Any CPU
		{C0675E56-22BF-4945-AE52-D2435D4C70E2}.Debug|x86.Build.0 = Debug|Any CPU
		{C0675E56-22BF-4945-AE52-D2435D4C70E2}.Release|Any CPU.ActiveCfg = Release|Any CPU
		{C0675E56-22BF-4945-AE52-D2435D4C70E2}.Release|Any CPU.Build.0 = Release|Any CPU
		{C0675E56-22BF-4945-AE52-D2435D4C70E2}.Release|x64.ActiveCfg = Release|Any CPU
		{C0675E56-22BF-4945-AE52-D2435D4C70E2}.Release|x64.Build.0 = Release|Any CPU
		{C0675E56-22BF-4945-AE52-D2435D4C70E2}.Release|x86.ActiveCfg = Release|Any CPU
		{C0675E56-22BF-4945-AE52-D2435D4C70E2}.Release|x86.Build.0 = Release|Any CPU
	EndGlobalSection
	GlobalSection(SolutionProperties) = preSolution
		HideSolutionNode = FALSE
	EndGlobalSection
	GlobalSection(NestedProjects) = preSolution
		{7D00500D-418A-49C2-81D9-EAA9F2D5B59C} = {2AB94722-4304-4DA0-837F-02E0BDAAEF7E}
		{91638AD6-9AB1-4880-80CF-A5743342A259} = {2AB94722-4304-4DA0-837F-02E0BDAAEF7E}
		{518FCF7D-2B2E-40F2-9B65-DB199F07C618} = {BEC5F746-4285-4E7E-BC52-42159C06409B}
		{760FB213-3CD4-4FB4-9F98-BE0A2BE75CEA} = {BEC5F746-4285-4E7E-BC52-42159C06409B}
		{019DD3C7-82C1-452C-A720-FCDA22C1B2F3} = {BEC5F746-4285-4E7E-BC52-42159C06409B}
		{2A7050C5-8D2A-47B0-AF35-06308D4E63E9} = {2AB94722-4304-4DA0-837F-02E0BDAAEF7E}
		{40632334-59F3-44FF-9A98-C6041057053F} = {7D00500D-418A-49C2-81D9-EAA9F2D5B59C}
		{F32F99BF-31D4-4AEA-812B-C1FB54B78F1C} = {7D00500D-418A-49C2-81D9-EAA9F2D5B59C}
		{C0675E56-22BF-4945-AE52-D2435D4C70E2} = {91638AD6-9AB1-4880-80CF-A5743342A259}
	EndGlobalSection
	GlobalSection(ExtensibilityGlobals) = postSolution
		SolutionGuid = {10EFBD6F-A464-4E24-998F-1137AD782D03}
	EndGlobalSection
EndGlobal
