
Microsoft Visual Studio Solution File, Format Version 12.00
# Visual Studio 15
VisualStudioVersion = 15.0.27625.0
MinimumVisualStudioVersion = 10.0.40219.1
Project("{FAE04EC0-301F-11D3-BF4B-00C04F79EFBC}") = "BlazorContextMenu.DemoApp", "BlazorContextMenu.DemoApp\BlazorContextMenu.DemoApp.csproj", "{291286EA-A4D4-4C9D-847A-02FC9BAF05FF}"
EndProject
Global
	GlobalSection(SolutionConfigurationPlatforms) = preSolution
		Debug|Any CPU = Debug|Any CPU
		Release|Any CPU = Release|Any CPU
	EndGlobalSection
	GlobalSection(ProjectConfigurationPlatforms) = postSolution
		{291286EA-A4D4-4C9D-847A-02FC9BAF05FF}.Debug|Any CPU.ActiveCfg = Debug|Any CPU
		{291286EA-A4D4-4C9D-847A-02FC9BAF05FF}.Debug|Any CPU.Build.0 = Debug|Any CPU
		{291286EA-A4D4-4C9D-847A-02FC9BAF05FF}.Release|Any CPU.ActiveCfg = Release|Any CPU
		{291286EA-A4D4-4C9D-847A-02FC9BAF05FF}.Release|Any CPU.Build.0 = Release|Any CPU
	EndGlobalSection
	GlobalSection(SolutionProperties) = preSolution
		HideSolutionNode = FALSE
	EndGlobalSection
	GlobalSection(ExtensibilityGlobals) = postSolution
		SolutionGuid = {5EBB5D64-3358-4F6D-A3C2-B55564C98835}
	EndGlobalSection
EndGlobal
